
Microsoft Visual Studio Solution File, Format Version 12.00
# Visual Studio Version 17
VisualStudioVersion = 17.10.34607.79
MinimumVisualStudioVersion = 10.0.40219.1
Project("{FAE04EC0-301F-11D3-BF4B-00C04F79EFBC}") = "BlazorApp", "BlazorApp\BlazorApp.csproj", "{DE29B484-25CD-493B-A07B-EA5D0553831E}"
EndProject
Global
	GlobalSection(SolutionConfigurationPlatforms) = preSolution
		Debug|Any CPU = Debug|Any CPU
		Release|Any CPU = Release|Any CPU
	EndGlobalSection
	GlobalSection(ProjectConfigurationPlatforms) = postSolution
		{DE29B484-25CD-493B-A07B-EA5D0553831E}.Debug|Any CPU.ActiveCfg = Debug|Any CPU
		{DE29B484-25CD-493B-A07B-EA5D0553831E}.Debug|Any CPU.Build.0 = Debug|Any CPU
		{DE29B484-25CD-493B-A07B-EA5D0553831E}.Release|Any CPU.ActiveCfg = Release|Any CPU
		{DE29B484-25CD-493B-A07B-EA5D0553831E}.Release|Any CPU.Build.0 = Release|Any CPU
	EndGlobalSection
	GlobalSection(SolutionProperties) = preSolution
		HideSolutionNode = FALSE
	EndGlobalSection
	GlobalSection(ExtensibilityGlobals) = postSolution
		SolutionGuid = {2F2BEC2A-472D-4AAC-954B-F492BADC99DA}
	EndGlobalSection
EndGlobal
